lockfileVersion: '6.0'

settings:
  autoInstallPeers: true
  excludeLinksFromLockfile: false

dependencies:
  ffi-rs:
    specifier: ^1.0.88
    version: 1.0.88
  koffi:
    specifier: ~2.8.11
    version: 2.8.11

devDependencies:
  '@types/node':
    specifier: ^20.14.12
    version: 20.14.12
  typescript:
    specifier: ^5.5.4
    version: 5.5.4
  why-is-node-running:
    specifier: ^3.2.0
    version: 3.2.0

packages:

  /@types/node@20.14.12:
    resolution: {integrity: sha512-r7wNXakLeSsGT0H1AU863vS2wa5wBOK4bWMjZz2wj+8nBx+m5PeIn0k8AloSLpRuiwdRQZwarZqHE4FNArPuJQ==}
    dependencies:
      undici-types: 5.26.5
    dev: true

  /@yuuang/ffi-rs-darwin-arm64@1.0.88:
    resolution: {integrity: sha512-wS2/Hj5iTFm0mpd9oOLm2dprvD187OJTD4LndvtQtYiYO1cgaEgWClX25PdSfCoksZ7xmgHD88wxbD3ww9mQ6g==}
    engines: {node: '>= 12'}
    cpu: [arm64]
    os: [darwin]
    requiresBuild: true
    dev: false
    optional: true

  /@yuuang/ffi-rs-darwin-x64@1.0.88:
    resolution: {integrity: sha512-qyRZWw7oovNxNv0CThTKVm4pzxc7DiuW3J+BTr5eiesWETXAuAc4Pd+zrxAgNklxbOAPQTg4SQcJ0hfVE3U5xg==}
    engines: {node: '>= 12'}
    cpu: [x64]
    os: [darwin]
    requiresBuild: true
    dev: false
    optional: true

  /@yuuang/ffi-rs-linux-arm64-gnu@1.0.88:
    resolution: {integrity: sha512-xbmgzYWi38wEfK9PPUeIXzn96+0+/9jc78l2sUjwFzCbyCmTIeWatPj0JOYjQZpWSDw1tA0IgYZG2t0aUA2zbQ==}
    engines: {node: '>= 12'}
    cpu: [arm64]
    os: [linux]
    requiresBuild: true
    dev: false
    optional: true

  /@yuuang/ffi-rs-linux-arm64-musl@1.0.88:
    resolution: {integrity: sha512-KFZekxtsM4PzE0YPVbkMhf3omDZtLMKe8Lvw0gHNi4PCoeom0nuELBfoD7p4UwL3Yev3ZXHyokgQQ2cyYNjvuQ==}
    engines: {node: '>= 12'}
    cpu: [arm64]
    os: [linux]
    requiresBuild: true
    dev: false
    optional: true

  /@yuuang/ffi-rs-linux-x64-gnu@1.0.88:
    resolution: {integrity: sha512-e2Fe47/tvOb/SqCUhINniv6k+uD6lTTX0eQ7VOQcoJpvY6dFRYsXKrVGnJgY+d53GM4+zTqoL3It+Pl7p9r/+Q==}
    engines: {node: '>= 12'}
    cpu: [x64]
    os: [linux]
    requiresBuild: true
    dev: false
    optional: true

  /@yuuang/ffi-rs-linux-x64-musl@1.0.88:
    resolution: {integrity: sha512-5TUBX53r9skaudV5wzRKhl0ft6cv9VdcOeNsUIIwZLaeV1vxzFDK8e4zNzFyv5qCy3BGa5/qZjQr8/W9ewB0iw==}
    engines: {node: '>= 12'}
    cpu: [x64]
    os: [linux]
    requiresBuild: true
    dev: false
    optional: true

  /@yuuang/ffi-rs-win32-arm64-msvc@1.0.88:
    resolution: {integrity: sha512-+rVXoSRcQGjeh8OKmz68U9vaQVL2VA7vWctQhg91Oppnhb+lwBaGRoXCau2wpSFYka2uMY8MCfORAakQtdeKrA==}
    engines: {node: '>= 12'}
    cpu: [arm64]
    os: [win32]
    requiresBuild: true
    dev: false
    optional: true

  /@yuuang/ffi-rs-win32-ia32-msvc@1.0.88:
    resolution: {integrity: sha512-thU/2foNukbhhhvyD/nwIOpTh1DBQs1D3k9MbXiIJXa/I3JbXmUROzMi+ZUNVjiSAneoE8cBtMv5bAz3v0xMag==}
    engines: {node: '>= 12'}
    cpu: [x64, ia32]
    os: [win32]
    requiresBuild: true
    dev: false
    optional: true

  /@yuuang/ffi-rs-win32-x64-msvc@1.0.88:
    resolution: {integrity: sha512-e5+3rDBm3u8YnpVY5TSfPnwS08v5GfPGM1TZ4Okt4mEoWnF2oQRLD+n2VzyHRuyv5XXpuOqPQxKrdt9s/t61Lg==}
    engines: {node: '>= 12'}
    cpu: [x64]
    os: [win32]
    requiresBuild: true
    dev: false
    optional: true

  /ffi-rs@1.0.88:
    resolution: {integrity: sha512-9zpaOXJPW07zhCHB+JB54WZvvskbzKuygGJL4F7MeqkdMr+li/ZmmLd8J5zpOfC4EH3wCI2bGlflgnoQcdhwKA==}
    optionalDependencies:
      '@yuuang/ffi-rs-darwin-arm64': 1.0.88
      '@yuuang/ffi-rs-darwin-x64': 1.0.88
      '@yuuang/ffi-rs-linux-arm64-gnu': 1.0.88
      '@yuuang/ffi-rs-linux-arm64-musl': 1.0.88
      '@yuuang/ffi-rs-linux-x64-gnu': 1.0.88
      '@yuuang/ffi-rs-linux-x64-musl': 1.0.88
      '@yuuang/ffi-rs-win32-arm64-msvc': 1.0.88
      '@yuuang/ffi-rs-win32-ia32-msvc': 1.0.88
      '@yuuang/ffi-rs-win32-x64-msvc': 1.0.88
    dev: false

  /koffi@2.8.11:
    resolution: {integrity: sha512-wrWaW6DJVFis7Qlsh4YDwObrzE/Jynu8pWC3W+0B3d4kv5BFbpPFWEzg4QYGjF+tOA/kpzol8n5o5j4+SGMbQA==}
    requiresBuild: true
    dev: false

  /typescript@5.5.4:
    resolution: {integrity: sha512-Mtq29sKDAEYP7aljRgtPOpTvOfbwRWlS6dPRzwjdE+C0R4brX/GUyhHSecbHMFLNBLcJIPt9nl9yG5TZ1weH+Q==}
    engines: {node: '>=14.17'}
    hasBin: true
    dev: true

  /undici-types@5.26.5:
    resolution: {integrity: sha512-JlCMO+ehdEIKqlFxk6IfVoAUVmgz7cU7zD/h9XZ0qzeosSHmUJVOzSQvvYSYWXkFXC+IfLKSIffhv0sVZup6pA==}
    dev: true

  /why-is-node-running@3.2.0:
    resolution: {integrity: sha512-euOPfZRxdZBcD/vL0sH+NtuC/nDpdsZ/aeoq9w5sOcQtfkmhztf/JS76IiD0CJEULlSAPSMy/ZLejex5MsFCcw==}
    engines: {node: '>=20.11'}
    hasBin: true
    dev: true
